{
  "nodes": {
    "darwin": {
      "inputs": {
        "nixpkgs": [
          "nixpkgs"
        ]
      },
      "locked": {
        "lastModified": 1730600078,
        "narHash": "sha256-BoyFmE59HDF3uybBySsWVoyjNuHvz3Wv8row/mSb958=",
        "owner": "LnL7",
        "repo": "nix-darwin",
        "rev": "4652874d014b82cb746173ffc64f6a70044daa7e",
        "type": "github"
      },
      "original": {
        "owner": "LnL7",
        "repo": "nix-darwin",
        "type": "github"
      }
    },
    "flake-compat": {
      "flake": false,
      "locked": {
        "lastModified": 1673956053,
        "narHash": "sha256-4gtG9iQuiKITOjNQQeQIpoIB6b16fm+504Ch3sNKLd8=",
        "owner": "edolstra",
        "repo": "flake-compat",
        "rev": "35bb57c0c8d8b62bbfd284272c928ceb64ddbde9",
        "type": "github"
      },
      "original": {
        "owner": "edolstra",
        "repo": "flake-compat",
        "type": "github"
      }
    },
    "flake-utils": {
      "inputs": {
        "systems": "systems"
      },
      "locked": {
        "lastModified": 1692799911,
        "narHash": "sha256-3eihraek4qL744EvQXsK1Ha6C3CR7nnT8X2qWap4RNk=",
        "owner": "numtide",
        "repo": "flake-utils",
        "rev": "f9e7cf818399d17d347f847525c5a5a8032e4e44",
        "type": "github"
      },
      "original": {
        "owner": "numtide",
        "repo": "flake-utils",
        "type": "github"
      }
    },
    "home-manager": {
      "inputs": {
        "nixpkgs": [
          "nixpkgs"
        ]
      },
      "locked": {
        "lastModified": 1726989464,
        "narHash": "sha256-Vl+WVTJwutXkimwGprnEtXc/s/s8sMuXzqXaspIGlwM=",
        "owner": "nix-community",
        "repo": "home-manager",
        "rev": "2f23fa308a7c067e52dfcc30a0758f47043ec176",
        "type": "github"
      },
      "original": {
        "owner": "nix-community",
        "ref": "release-24.05",
        "repo": "home-manager",
        "type": "github"
      }
    },
    "nixarr": {
      "inputs": {
        "nixpkgs": [
          "nixpkgs"
        ],
        "vpnconfinement": "vpnconfinement"
      },
      "locked": {
        "lastModified": 1732090122,
        "narHash": "sha256-KN5jsK5O0QEWMXgCW9aa3sujIZQE1sSnpBOIXDXOeKU=",
        "owner": "rasmus-kirk",
        "repo": "nixarr",
        "rev": "5dad51d4d4e0d71e8943b23b464230b190f1c259",
        "type": "github"
      },
      "original": {
        "owner": "rasmus-kirk",
        "repo": "nixarr",
        "type": "github"
      }
    },
    "nixlib": {
      "locked": {
        "lastModified": 1733015484,
        "narHash": "sha256-qiyO0GrTvbp869U4VGX5GhAZ00fSiPXszvosY1AgKQ8=",
        "owner": "nix-community",
        "repo": "nixpkgs.lib",
        "rev": "0e4fdd4a0ab733276b6d2274ff84ae353f17129e",
        "type": "github"
      },
      "original": {
        "owner": "nix-community",
        "repo": "nixpkgs.lib",
        "type": "github"
      }
    },
    "nixos-generators": {
      "inputs": {
        "nixlib": "nixlib",
        "nixpkgs": [
          "nixpkgs"
        ]
      },
      "locked": {
        "lastModified": 1733101779,
        "narHash": "sha256-Qqnfnb/RFxBbD25UYJ/yibvl9kIZNK5WkyLsUcb2byk=",
        "owner": "nix-community",
        "repo": "nixos-generators",
        "rev": "a471acc460d4c238936a5116c8cc48a3c431dd66",
        "type": "github"
      },
      "original": {
        "owner": "nix-community",
        "repo": "nixos-generators",
        "type": "github"
      }
    },
    "nixos-wsl": {
      "inputs": {
        "flake-compat": "flake-compat",
        "flake-utils": "flake-utils",
        "nixpkgs": [
          "nixpkgs"
        ]
      },
      "locked": {
        "lastModified": 1694522206,
        "narHash": "sha256-mb34WlyHi/whE6gIMEtXKfGRALzvB6/U7CYdUnJKN+c=",
        "owner": "nix-community",
        "repo": "NixOS-WSL",
        "rev": "e7d93d0f478b6fbb47c00d03449dc3d08b90abb7",
        "type": "github"
      },
      "original": {
        "owner": "nix-community",
        "repo": "NixOS-WSL",
        "type": "github"
      }
    },
    "nixpkgs": {
      "locked": {
        "lastModified": 1730327045,
        "narHash": "sha256-xKel5kd1AbExymxoIfQ7pgcX6hjw9jCgbiBjiUfSVJ8=",
        "owner": "nixos",
        "repo": "nixpkgs",
        "rev": "080166c15633801df010977d9d7474b4a6c549d7",
        "type": "github"
      },
      "original": {
        "owner": "nixos",
        "ref": "nixos-24.05",
        "repo": "nixpkgs",
        "type": "github"
      }
    },
    "nixpkgs-unstable": {
      "locked": {
        "lastModified": 1730272153,
        "narHash": "sha256-B5WRZYsRlJgwVHIV6DvidFN7VX7Fg9uuwkRW9Ha8z+w=",
        "owner": "nixos",
        "repo": "nixpkgs",
        "rev": "2d2a9ddbe3f2c00747398f3dc9b05f7f2ebb0f53",
        "type": "github"
      },
      "original": {
        "owner": "nixos",
        "ref": "nixpkgs-unstable",
        "repo": "nixpkgs",
        "type": "github"
      }
    },
    "nvim-conform": {
      "flake": false,
      "locked": {
        "lastModified": 1723784512,
        "narHash": "sha256-THl44vHBvgdaYXAUl6g1ccR2mYTBBVizgnqT2MbRngw=",
        "owner": "stevearc",
        "repo": "conform.nvim",
        "rev": "8b5e13c1af3211f5bb5e091992aba8629312e514",
        "type": "github"
      },
      "original": {
        "owner": "stevearc",
        "ref": "v7.1.0",
        "repo": "conform.nvim",
        "type": "github"
      }
    },
    "nvim-dressing": {
      "flake": false,
      "locked": {
        "lastModified": 1723846795,
        "narHash": "sha256-6T2p0hI7/WqaDFQodaDq7uiyuplVqeekayQ2equ/mC0=",
        "owner": "stevearc",
        "repo": "dressing.nvim",
        "rev": "c5775a888adbc50652cb370073fcfec963eca93e",
        "type": "github"
      },
      "original": {
        "owner": "stevearc",
        "repo": "dressing.nvim",
        "type": "github"
      }
    },
    "nvim-gitsigns": {
      "flake": false,
      "locked": {
        "lastModified": 1718276179,
        "narHash": "sha256-AbnjBqKLhOGMGBXBnu9zbL3PG7rKmAoYtxY17kzFEIA=",
        "owner": "lewis6991",
        "repo": "gitsigns.nvim",
        "rev": "0b04035bb7b3c83e999b9676e2fb46fd0aa9f910",
        "type": "github"
      },
      "original": {
        "owner": "lewis6991",
        "ref": "v0.9.0",
        "repo": "gitsigns.nvim",
        "type": "github"
      }
    },
    "nvim-lspconfig": {
      "flake": false,
      "locked": {
        "lastModified": 1724394001,
        "narHash": "sha256-HqXMMxf4/wy+X9wT7CPpRMm+JLLfxQQnjtEJglhMSm8=",
        "owner": "neovim",
        "repo": "nvim-lspconfig",
        "rev": "911167921d49cd5c1c9b2436031d0da3945e787f",
        "type": "github"
      },
      "original": {
        "owner": "neovim",
        "repo": "nvim-lspconfig",
        "type": "github"
      }
    },
    "nvim-lualine": {
      "flake": false,
      "locked": {
        "lastModified": 1723473562,
        "narHash": "sha256-gCm7m96PkZyrgjmt7Efc+NMZKStAq1zr7JRCYOgGDuE=",
        "owner": "nvim-lualine",
        "repo": "lualine.nvim",
        "rev": "b431d228b7bbcdaea818bdc3e25b8cdbe861f056",
        "type": "github"
      },
      "original": {
        "owner": "nvim-lualine",
        "repo": "lualine.nvim",
        "type": "github"
      }
    },
    "nvim-nui": {
      "flake": false,
      "locked": {
        "lastModified": 1719375254,
        "narHash": "sha256-o2iNktcWxL0oCtCkbARMiWnTlZA8QWQHy2qeOanBlO4=",
        "owner": "MunifTanjim",
        "repo": "nui.nvim",
        "rev": "61574ce6e60c815b0a0c4b5655b8486ba58089a1",
        "type": "github"
      },
      "original": {
        "owner": "MunifTanjim",
        "repo": "nui.nvim",
        "type": "github"
      }
    },
    "nvim-plenary": {
      "flake": false,
      "locked": {
        "lastModified": 1724044857,
        "narHash": "sha256-6Gm+4zZ80quI5iAW6qPAWTq9h1csPWkZFZ9KnFgYRM0=",
        "owner": "nvim-lua",
        "repo": "plenary.nvim",
        "rev": "ec289423a1693aeae6cd0d503bac2856af74edaa",
        "type": "github"
      },
      "original": {
        "owner": "nvim-lua",
        "repo": "plenary.nvim",
        "type": "github"
      }
    },
    "nvim-telescope": {
      "flake": false,
      "locked": {
        "lastModified": 1716532947,
        "narHash": "sha256-e1ulhc4IIvUgpjKQrSqPY4WpXuez6wlxL6Min9U0o5Q=",
        "owner": "nvim-telescope",
        "repo": "telescope.nvim",
        "rev": "a0bbec21143c7bc5f8bb02e0005fa0b982edc026",
        "type": "github"
      },
      "original": {
        "owner": "nvim-telescope",
        "ref": "0.1.8",
        "repo": "telescope.nvim",
        "type": "github"
      }
    },
    "nvim-treesitter": {
      "flake": false,
      "locked": {
        "lastModified": 1705679158,
        "narHash": "sha256-zAyiitJIgOCZTB0CmgNt0MHENM70SOHLIoWrVwOJKFg=",
        "owner": "nvim-treesitter",
        "repo": "nvim-treesitter",
        "rev": "f197a15b0d1e8d555263af20add51450e5aaa1f0",
        "type": "github"
      },
      "original": {
        "owner": "nvim-treesitter",
        "ref": "v0.9.2",
        "repo": "nvim-treesitter",
        "type": "github"
      }
    },
    "nvim-web-devicons": {
      "flake": false,
      "locked": {
        "lastModified": 1722734411,
        "narHash": "sha256-TeWMlfNTA5+tiPq6D2TVWjdfJVr3FOwpqUDU8kfFZ8E=",
        "owner": "nvim-tree",
        "repo": "nvim-web-devicons",
        "rev": "3722e3d1fb5fe1896a104eb489e8f8651260b520",
        "type": "github"
      },
      "original": {
        "owner": "nvim-tree",
        "repo": "nvim-web-devicons",
        "type": "github"
      }
    },
    "root": {
      "inputs": {
        "darwin": "darwin",
        "home-manager": "home-manager",
        "nixarr": "nixarr",
        "nixos-generators": "nixos-generators",
        "nixos-wsl": "nixos-wsl",
        "nixpkgs": "nixpkgs",
        "nixpkgs-unstable": "nixpkgs-unstable",
        "nvim-conform": "nvim-conform",
        "nvim-dressing": "nvim-dressing",
        "nvim-gitsigns": "nvim-gitsigns",
        "nvim-lspconfig": "nvim-lspconfig",
        "nvim-lualine": "nvim-lualine",
        "nvim-nui": "nvim-nui",
        "nvim-plenary": "nvim-plenary",
        "nvim-telescope": "nvim-telescope",
        "nvim-treesitter": "nvim-treesitter",
        "nvim-web-devicons": "nvim-web-devicons",
        "vim-copilot": "vim-copilot"
      }
    },
    "systems": {
      "locked": {
        "lastModified": 1681028828,
        "narHash": "sha256-Vy1rq5AaRuLzOxct8nz4T6wlgyUR7zLU309k9mBC768=",
        "owner": "nix-systems",
        "repo": "default",
        "rev": "da67096a3b9bf56a91d16901293e51ba5b49a27e",
        "type": "github"
      },
      "original": {
        "owner": "nix-systems",
        "repo": "default",
        "type": "github"
      }
    },
    "vim-copilot": {
      "flake": false,
      "locked": {
        "lastModified": 1723774046,
        "narHash": "sha256-Ccuu5bfvgo82YRNSwuzbbY62rCcBV1VEOZX7WJZMaXc=",
        "owner": "github",
        "repo": "copilot.vim",
        "rev": "a9fa7946d7307ceb138bfe2706ba75febf6450da",
        "type": "github"
      },
      "original": {
        "owner": "github",
        "ref": "v1.39.0",
        "repo": "copilot.vim",
        "type": "github"
      }
    },
    "vpnconfinement": {
      "locked": {
        "lastModified": 1729977304,
        "narHash": "sha256-T/ABQpSbPJxO7TGl1P2fBd87xsQmnVflIFgHQTxwvBs=",
        "owner": "Maroka-chan",
        "repo": "VPN-Confinement",
        "rev": "3b11ba59f1c852493203b86c8acd715259a6c3cd",
        "type": "github"
      },
      "original": {
        "owner": "Maroka-chan",
        "repo": "VPN-Confinement",
        "type": "github"
      }
    }
  },
  "root": "root",
  "version": 7
}
